// !$*UTF8*$!
{
	archiveVersion = 1;
	classes = {
	};
	objectVersion = 55;
	objects = {

/* Begin PBXBuildFile section */
		02DE45D229BB1D1C007109E5 /* DXBufferStorage.m in Sources */ = {isa = PBXBuildFile; fileRef = 02DE45D129BB1D1C007109E5 /* DXBufferStorage.m */; };
		02DE45D529BB1DE1007109E5 /* DXBuffer.m in Sources */ = {isa = PBXBuildFile; fileRef = 02DE45D429BB1DE1007109E5 /* DXBuffer.m */; };
		02DE45D829BB2645007109E5 /* RotateAnimation.swift in Sources */ = {isa = PBXBuildFile; fileRef = 02DE45D729BB2645007109E5 /* RotateAnimation.swift */; };
		02DE45DA29BB29E4007109E5 /* BasePopupView.swift in Sources */ = {isa = PBXBuildFile; fileRef = 02DE45D929BB29E4007109E5 /* BasePopupView.swift */; };
		02DE45DC29BB2AF0007109E5 /* UIViewExtension.swift in Sources */ = {isa = PBXBuildFile; fileRef = 02DE45DB29BB2AF0007109E5 /* UIViewExtension.swift */; };
		02DE45DE29BB3782007109E5 /* ToObservable.swift in Sources */ = {isa = PBXBuildFile; fileRef = 02DE45DD29BB3782007109E5 /* ToObservable.swift */; };
		091EC3E5D0E0D429DDD6B371 /* Pods_MyWorkBook.framework in Frameworks */ = {isa = PBXBuildFile; fileRef = 0F881A5BF06E31F84B7EB765 /* Pods_MyWorkBook.framework */; };
		84B6135B2779C284005CFB4C /* AppDelegate.swift in Sources */ = {isa = PBXBuildFile; fileRef = 84B6135A2779C284005CFB4C /* AppDelegate.swift */; };
		84B6135F2779C284005CFB4C /* ViewController.swift in Sources */ = {isa = PBXBuildFile; fileRef = 84B6135E2779C284005CFB4C /* ViewController.swift */; };
		84B613622779C284005CFB4C /* Main.storyboard in Resources */ = {isa = PBXBuildFile; fileRef = 84B613602779C284005CFB4C /* Main.storyboard */; };
		84B613642779C285005CFB4C /* Assets.xcassets in Resources */ = {isa = PBXBuildFile; fileRef = 84B613632779C285005CFB4C /* Assets.xcassets */; };
		84B613672779C285005CFB4C /* LaunchScreen.storyboard in Resources */ = {isa = PBXBuildFile; fileRef = 84B613652779C285005CFB4C /* LaunchScreen.storyboard */; };
		84B613722779C57A005CFB4C /* CustomSlider.swift in Sources */ = {isa = PBXBuildFile; fileRef = 84B613712779C57A005CFB4C /* CustomSlider.swift */; };
		84B613752779C63F005CFB4C /* UIImageExtension.swift in Sources */ = {isa = PBXBuildFile; fileRef = 84B613742779C63F005CFB4C /* UIImageExtension.swift */; };
		84B613772779C6E3005CFB4C /* Constant.swift in Sources */ = {isa = PBXBuildFile; fileRef = 84B613762779C6E3005CFB4C /* Constant.swift */; };
		84B613792779C91F005CFB4C /* UIColorExtension.swift in Sources */ = {isa = PBXBuildFile; fileRef = 84B613782779C91F005CFB4C /* UIColorExtension.swift */; };
/* End PBXBuildFile section */

/* Begin PBXFileReference section */
		02DE45CE29BB1C9E007109E5 /* IDXBufferStorge.h */ = {isa = PBXFileReference; lastKnownFileType = sourcecode.c.h; path = IDXBufferStorge.h; sourceTree = "<group>"; };
		02DE45CF29BB1D1C007109E5 /* MyWorkBook-Bridging-Header.h */ = {isa = PBXFileReference; lastKnownFileType = sourcecode.c.h; path = "MyWorkBook-Bridging-Header.h"; sourceTree = "<group>"; };
		02DE45D029BB1D1C007109E5 /* DXBufferStorage.h */ = {isa = PBXFileReference; lastKnownFileType = sourcecode.c.h; path = DXBufferStorage.h; sourceTree = "<group>"; };
		02DE45D129BB1D1C007109E5 /* DXBufferStorage.m */ = {isa = PBXFileReference; lastKnownFileType = sourcecode.c.objc; path = DXBufferStorage.m; sourceTree = "<group>"; };
		02DE45D329BB1DE1007109E5 /* DXBuffer.h */ = {isa = PBXFileReference; lastKnownFileType = sourcecode.c.h; path = DXBuffer.h; sourceTree = "<group>"; };
		02DE45D429BB1DE1007109E5 /* DXBuffer.m */ = {isa = PBXFileReference; lastKnownFileType = sourcecode.c.objc; path = DXBuffer.m; sourceTree = "<group>"; };
		02DE45D729BB2645007109E5 /* RotateAnimation.swift */ = {isa = PBXFileReference; lastKnownFileType = sourcecode.swift; path = RotateAnimation.swift; sourceTree = "<group>"; };
		02DE45D929BB29E4007109E5 /* BasePopupView.swift */ = {isa = PBXFileReference; fileEncoding = 4; lastKnownFileType = sourcecode.swift; path = BasePopupView.swift; sourceTree = "<group>"; };
		02DE45DB29BB2AF0007109E5 /* UIViewExtension.swift */ = {isa = PBXFileReference; lastKnownFileType = sourcecode.swift; path = UIViewExtension.swift; sourceTree = "<group>"; };
		02DE45DD29BB3782007109E5 /* ToObservable.swift */ = {isa = PBXFileReference; lastKnownFileType = sourcecode.swift; path = ToObservable.swift; sourceTree = "<group>"; };
		0F881A5BF06E31F84B7EB765 /* Pods_MyWorkBook.framework */ = {isa = PBXFileReference; explicitFileType = wrapper.framework; includeInIndex = 0; path = Pods_MyWorkBook.framework; sourceTree = BUILT_PRODUCTS_DIR; };
		4BA873F226A4807FECD7D588 /* Pods-MyWorkBook.debug.xcconfig */ = {isa = PBXFileReference; includeInIndex = 1; lastKnownFileType = text.xcconfig; name = "Pods-MyWorkBook.debug.xcconfig"; path = "Target Support Files/Pods-MyWorkBook/Pods-MyWorkBook.debug.xcconfig"; sourceTree = "<group>"; };
		84B613572779C284005CFB4C /* MyWorkBook.app */ = {isa = PBXFileReference; explicitFileType = wrapper.application; includeInIndex = 0; path = MyWorkBook.app; sourceTree = BUILT_PRODUCTS_DIR; };
		84B6135A2779C284005CFB4C /* AppDelegate.swift */ = {isa = PBXFileReference; lastKnownFileType = sourcecode.swift; path = AppDelegate.swift; sourceTree = "<group>"; };
		84B6135E2779C284005CFB4C /* ViewController.swift */ = {isa = PBXFileReference; lastKnownFileType = sourcecode.swift; path = ViewController.swift; sourceTree = "<group>"; };
		84B613612779C284005CFB4C /* Base */ = {isa = PBXFileReference; lastKnownFileType = file.storyboard; name = Base; path = Base.lproj/Main.storyboard; sourceTree = "<group>"; };
		84B613632779C285005CFB4C /* Assets.xcassets */ = {isa = PBXFileReference; lastKnownFileType = folder.assetcatalog; path = Assets.xcassets; sourceTree = "<group>"; };
		84B613662779C285005CFB4C /* Base */ = {isa = PBXFileReference; lastKnownFileType = file.storyboard; name = Base; path = Base.lproj/LaunchScreen.storyboard; sourceTree = "<group>"; };
		84B613682779C285005CFB4C /* Info.plist */ = {isa = PBXFileReference; lastKnownFileType = text.plist.xml; path = Info.plist; sourceTree = "<group>"; };
		84B613712779C57A005CFB4C /* CustomSlider.swift */ = {isa = PBXFileReference; lastKnownFileType = sourcecode.swift; path = CustomSlider.swift; sourceTree = "<group>"; };
		84B613742779C63F005CFB4C /* UIImageExtension.swift */ = {isa = PBXFileReference; lastKnownFileType = sourcecode.swift; path = UIImageExtension.swift; sourceTree = "<group>"; };
		84B613762779C6E3005CFB4C /* Constant.swift */ = {isa = PBXFileReference; lastKnownFileType = sourcecode.swift; path = Constant.swift; sourceTree = "<group>"; };
		84B613782779C91F005CFB4C /* UIColorExtension.swift */ = {isa = PBXFileReference; lastKnownFileType = sourcecode.swift; path = UIColorExtension.swift; sourceTree = "<group>"; };
		C8B2450F434766F8CC85126E /* Pods-MyWorkBook.release.xcconfig */ = {isa = PBXFileReference; includeInIndex = 1; lastKnownFileType = text.xcconfig; name = "Pods-MyWorkBook.release.xcconfig"; path = "Target Support Files/Pods-MyWorkBook/Pods-MyWorkBook.release.xcconfig"; sourceTree = "<group>"; };
/* End PBXFileReference section */

/* Begin PBXFrameworksBuildPhase section */
		84B613542779C284005CFB4C /* Frameworks */ = {
			isa = PBXFrameworksBuildPhase;
			buildActionMask = 2147483647;
			files = (
				091EC3E5D0E0D429DDD6B371 /* Pods_MyWorkBook.framework in Frameworks */,
			);
			runOnlyForDeploymentPostprocessing = 0;
		};
/* End PBXFrameworksBuildPhase section */

/* Begin PBXGroup section */
		02DE45CD29BB1C57007109E5 /* DXBuffer */ = {
			isa = PBXGroup;
			children = (
				02DE45CE29BB1C9E007109E5 /* IDXBufferStorge.h */,
				02DE45D029BB1D1C007109E5 /* DXBufferStorage.h */,
				02DE45D129BB1D1C007109E5 /* DXBufferStorage.m */,
				02DE45D329BB1DE1007109E5 /* DXBuffer.h */,
				02DE45D429BB1DE1007109E5 /* DXBuffer.m */,
			);
			path = DXBuffer;
			sourceTree = "<group>";
		};
		02DE45D629BB2619007109E5 /* UniversalModules */ = {
			isa = PBXGroup;
			children = (
				02DE45D729BB2645007109E5 /* RotateAnimation.swift */,
				02DE45D929BB29E4007109E5 /* BasePopupView.swift */,
				02DE45DD29BB3782007109E5 /* ToObservable.swift */,
			);
			path = UniversalModules;
			sourceTree = "<group>";
		};
		0A40638E0EBAA73A93AAD0BB /* Pods */ = {
			isa = PBXGroup;
			children = (
				4BA873F226A4807FECD7D588 /* Pods-MyWorkBook.debug.xcconfig */,
				C8B2450F434766F8CC85126E /* Pods-MyWorkBook.release.xcconfig */,
			);
			path = Pods;
			sourceTree = "<group>";
		};
		6CFA49866532230E6108D467 /* Frameworks */ = {
			isa = PBXGroup;
			children = (
				0F881A5BF06E31F84B7EB765 /* Pods_MyWorkBook.framework */,
			);
			name = Frameworks;
			sourceTree = "<group>";
		};
		84B6134E2779C283005CFB4C = {
			isa = PBXGroup;
			children = (
				84B613592779C284005CFB4C /* MyWorkBook */,
				84B613582779C284005CFB4C /* Products */,
				0A40638E0EBAA73A93AAD0BB /* Pods */,
				6CFA49866532230E6108D467 /* Frameworks */,
			);
			sourceTree = "<group>";
		};
		84B613582779C284005CFB4C /* Products */ = {
			isa = PBXGroup;
			children = (
				84B613572779C284005CFB4C /* MyWorkBook.app */,
			);
			name = Products;
			sourceTree = "<group>";
		};
		84B613592779C284005CFB4C /* MyWorkBook */ = {
			isa = PBXGroup;
			children = (
				84B6135A2779C284005CFB4C /* AppDelegate.swift */,
				84B6135E2779C284005CFB4C /* ViewController.swift */,
				02DE45D629BB2619007109E5 /* UniversalModules */,
				02DE45CD29BB1C57007109E5 /* DXBuffer */,
				84B613702779C521005CFB4C /* CustomSlider */,
				84B613732779C5EB005CFB4C /* Extensions */,
				84B6136F2779C3BB005CFB4C /* Supporting */,
			);
			path = MyWorkBook;
			sourceTree = "<group>";
		};
		84B6136F2779C3BB005CFB4C /* Supporting */ = {
			isa = PBXGroup;
			children = (
				84B613762779C6E3005CFB4C /* Constant.swift */,
				02DE45CF29BB1D1C007109E5 /* MyWorkBook-Bridging-Header.h */,
				84B613602779C284005CFB4C /* Main.storyboard */,
				84B613632779C285005CFB4C /* Assets.xcassets */,
				84B613652779C285005CFB4C /* LaunchScreen.storyboard */,
				84B613682779C285005CFB4C /* Info.plist */,
			);
			path = Supporting;
			sourceTree = "<group>";
		};
		84B613702779C521005CFB4C /* CustomSlider */ = {
			isa = PBXGroup;
			children = (
				84B613712779C57A005CFB4C /* CustomSlider.swift */,
			);
			path = CustomSlider;
			sourceTree = "<group>";
		};
		84B613732779C5EB005CFB4C /* Extensions */ = {
			isa = PBXGroup;
			children = (
				84B613742779C63F005CFB4C /* UIImageExtension.swift */,
				84B613782779C91F005CFB4C /* UIColorExtension.swift */,
				02DE45DB29BB2AF0007109E5 /* UIViewExtension.swift */,
			);
			path = Extensions;
			sourceTree = "<group>";
		};
/* End PBXGroup section */

/* Begin PBXNativeTarget section */
		84B613562779C284005CFB4C /* MyWorkBook */ = {
			isa = PBXNativeTarget;
			buildConfigurationList = 84B6136B2779C285005CFB4C /* Build configuration list for PBXNativeTarget "MyWorkBook" */;
			buildPhases = (
				AC6C02330E5811220DB7C974 /* [CP] Check Pods Manifest.lock */,
				84B613532779C284005CFB4C /* Sources */,
				84B613542779C284005CFB4C /* Frameworks */,
				84B613552779C284005CFB4C /* Resources */,
				6452688CB31082F93927270E /* [CP] Embed Pods Frameworks */,
			);
			buildRules = (
			);
			dependencies = (
			);
			name = MyWorkBook;
			productName = MyWorkBook;
			productReference = 84B613572779C284005CFB4C /* MyWorkBook.app */;
			productType = "com.apple.product-type.application";
		};
/* End PBXNativeTarget section */

/* Begin PBXProject section */
		84B6134F2779C283005CFB4C /* Project object */ = {
			isa = PBXProject;
			attributes = {
				BuildIndependentTargetsInParallel = 1;
				LastSwiftUpdateCheck = 1300;
				LastUpgradeCheck = 1300;
				TargetAttributes = {
					84B613562779C284005CFB4C = {
						CreatedOnToolsVersion = 13.0;
						LastSwiftMigration = 1420;
					};
				};
			};
			buildConfigurationList = 84B613522779C283005CFB4C /* Build configuration list for PBXProject "MyWorkBook" */;
			compatibilityVersion = "Xcode 13.0";
			developmentRegion = en;
			hasScannedForEncodings = 0;
			knownRegions = (
				en,
				Base,
			);
			mainGroup = 84B6134E2779C283005CFB4C;
			productRefGroup = 84B613582779C284005CFB4C /* Products */;
			projectDirPath = "";
			projectRoot = "";
			targets = (
				84B613562779C284005CFB4C /* MyWorkBook */,
			);
		};
/* End PBXProject section */

/* Begin PBXResourcesBuildPhase section */
		84B613552779C284005CFB4C /* Resources */ = {
			isa = PBXResourcesBuildPhase;
			buildActionMask = 2147483647;
			files = (
				84B613672779C285005CFB4C /* LaunchScreen.storyboard in Resources */,
				84B613642779C285005CFB4C /* Assets.xcassets in Resources */,
				84B613622779C284005CFB4C /* Main.storyboard in Resources */,
			);
			runOnlyForDeploymentPostprocessing = 0;
		};
/* End PBXResourcesBuildPhase section */

/* Begin PBXShellScriptBuildPhase section */
		6452688CB31082F93927270E /* [CP] Embed Pods Frameworks */ = {
			isa = PBXShellScriptBuildPhase;
			buildActionMask = 2147483647;
			files = (
			);
			inputFileListPaths = (
				"${PODS_ROOT}/Target Support Files/Pods-MyWorkBook/Pods-MyWorkBook-frameworks-${CONFIGURATION}-input-files.xcfilelist",
			);
			name = "[CP] Embed Pods Frameworks";
			outputFileListPaths = (
				"${PODS_ROOT}/Target Support Files/Pods-MyWorkBook/Pods-MyWorkBook-frameworks-${CONFIGURATION}-output-files.xcfilelist",
			);
			runOnlyForDeploymentPostprocessing = 0;
			shellPath = /bin/sh;
			shellScript = "\"${PODS_ROOT}/Target Support Files/Pods-MyWorkBook/Pods-MyWorkBook-frameworks.sh\"\n";
			showEnvVarsInLog = 0;
		};
		AC6C02330E5811220DB7C974 /* [CP] Check Pods Manifest.lock */ = {
			isa = PBXShellScriptBuildPhase;
			buildActionMask = 2147483647;
			files = (
			);
			inputFileListPaths = (
			);
			inputPaths = (
				"${PODS_PODFILE_DIR_PATH}/Podfile.lock",
				"${PODS_ROOT}/Manifest.lock",
			);
			name = "[CP] Check Pods Manifest.lock";
			outputFileListPaths = (
			);
			outputPaths = (
				"$(DERIVED_FILE_DIR)/Pods-MyWorkBook-checkManifestLockResult.txt",
			);
			runOnlyForDeploymentPostprocessing = 0;
			shellPath = /bin/sh;
			shellScript = "diff \"${PODS_PODFILE_DIR_PATH}/Podfile.lock\" \"${PODS_ROOT}/Manifest.lock\" > /dev/null\nif [ $? != 0 ] ; then\n    # print error to STDERR\n    echo \"error: The sandbox is not in sync with the Podfile.lock. Run 'pod install' or update your CocoaPods installation.\" >&2\n    exit 1\nfi\n# This output is used by Xcode 'outputs' to avoid re-running this script phase.\necho \"SUCCESS\" > \"${SCRIPT_OUTPUT_FILE_0}\"\n";
			showEnvVarsInLog = 0;
		};
/* End PBXShellScriptBuildPhase section */

/* Begin PBXSourcesBuildPhase section */
		84B613532779C284005CFB4C /* Sources */ = {
			isa = PBXSourcesBuildPhase;
			buildActionMask = 2147483647;
			files = (
				84B6135F2779C284005CFB4C /* ViewController.swift in Sources */,
				84B613722779C57A005CFB4C /* CustomSlider.swift in Sources */,
				02DE45DC29BB2AF0007109E5 /* UIViewExtension.swift in Sources */,
				02DE45DA29BB29E4007109E5 /* BasePopupView.swift in Sources */,
				84B613772779C6E3005CFB4C /* Constant.swift in Sources */,
				02DE45D529BB1DE1007109E5 /* DXBuffer.m in Sources */,
				84B613792779C91F005CFB4C /* UIColorExtension.swift in Sources */,
				02DE45D829BB2645007109E5 /* RotateAnimation.swift in Sources */,
				02DE45D229BB1D1C007109E5 /* DXBufferStorage.m in Sources */,
				02DE45DE29BB3782007109E5 /* ToObservable.swift in Sources */,
				84B6135B2779C284005CFB4C /* AppDelegate.swift in Sources */,
				84B613752779C63F005CFB4C /* UIImageExtension.swift in Sources */,
			);
			runOnlyForDeploymentPostprocessing = 0;
		};
/* End PBXSourcesBuildPhase section */

/* Begin PBXVariantGroup section */
		84B613602779C284005CFB4C /* Main.storyboard */ = {
			isa = PBXVariantGroup;
			children = (
				84B613612779C284005CFB4C /* Base */,
			);
			name = Main.storyboard;
			sourceTree = "<group>";
		};
		84B613652779C285005CFB4C /* LaunchScreen.storyboard */ = {
			isa = PBXVariantGroup;
			children = (
				84B613662779C285005CFB4C /* Base */,
			);
			name = LaunchScreen.storyboard;
			sourceTree = "<group>";
		};
/* End PBXVariantGroup section */

/* Begin XCBuildConfiguration section */
		84B613692779C285005CFB4C /* Debug */ = {
			isa = XCBuildConfiguration;
			buildSettings = {
				ALWAYS_SEARCH_USER_PATHS = NO;
				CLANG_ANALYZER_NONNULL = YES;
				CLANG_ANALYZER_NUMBER_OBJECT_CONVERSION = YES_AGGRESSIVE;
				CLANG_CXX_LANGUAGE_STANDARD = "gnu++17";
				CLANG_CXX_LIBRARY = "libc++";
				CLANG_ENABLE_MODULES = YES;
				CLANG_ENABLE_OBJC_ARC = YES;
				CLANG_ENABLE_OBJC_WEAK = YES;
				CLANG_WARN_BLOCK_CAPTURE_AUTORELEASING = YES;
				CLANG_WARN_BOOL_CONVERSION = YES;
				CLANG_WARN_COMMA = YES;
				CLANG_WARN_CONSTANT_CONVERSION = YES;
				CLANG_WARN_DEPRECATED_OBJC_IMPLEMENTATIONS = YES;
				CLANG_WARN_DIRECT_OBJC_ISA_USAGE = YES_ERROR;
				CLANG_WARN_DOCUMENTATION_COMMENTS = YES;
				CLANG_WARN_EMPTY_BODY = YES;
				CLANG_WARN_ENUM_CONVERSION = YES;
				CLANG_WARN_INFINITE_RECURSION = YES;
				CLANG_WARN_INT_CONVERSION = YES;
				CLANG_WARN_NON_LITERAL_NULL_CONVERSION = YES;
				CLANG_WARN_OBJC_IMPLICIT_RETAIN_SELF = YES;
				CLANG_WARN_OBJC_LITERAL_CONVERSION = YES;
				CLANG_WARN_OBJC_ROOT_CLASS = YES_ERROR;
				CLANG_WARN_QUOTED_INCLUDE_IN_FRAMEWORK_HEADER = YES;
				CLANG_WARN_RANGE_LOOP_ANALYSIS = YES;
				CLANG_WARN_STRICT_PROTOTYPES = YES;
				CLANG_WARN_SUSPICIOUS_MOVE = YES;
				CLANG_WARN_UNGUARDED_AVAILABILITY = YES_AGGRESSIVE;
				CLANG_WARN_UNREACHABLE_CODE = YES;
				CLANG_WARN__DUPLICATE_METHOD_MATCH = YES;
				COPY_PHASE_STRIP = NO;
				DEBUG_INFORMATION_FORMAT = dwarf;
				ENABLE_STRICT_OBJC_MSGSEND = YES;
				ENABLE_TESTABILITY = YES;
				GCC_C_LANGUAGE_STANDARD = gnu11;
				GCC_DYNAMIC_NO_PIC = NO;
				GCC_NO_COMMON_BLOCKS = YES;
				GCC_OPTIMIZATION_LEVEL = 0;
				GCC_PREPROCESSOR_DEFINITIONS = (
					"DEBUG=1",
					"$(inherited)",
				);
				GCC_WARN_64_TO_32_BIT_CONVERSION = YES;
				GCC_WARN_ABOUT_RETURN_TYPE = YES_ERROR;
				GCC_WARN_UNDECLARED_SELECTOR = YES;
				GCC_WARN_UNINITIALIZED_AUTOS = YES_AGGRESSIVE;
				GCC_WARN_UNUSED_FUNCTION = YES;
				GCC_WARN_UNUSED_VARIABLE = YES;
				IPHONEOS_DEPLOYMENT_TARGET = 15.0;
				MTL_ENABLE_DEBUG_INFO = INCLUDE_SOURCE;
				MTL_FAST_MATH = YES;
				ONLY_ACTIVE_ARCH = YES;
				SDKROOT = iphoneos;
				SWIFT_ACTIVE_COMPILATION_CONDITIONS = DEBUG;
				SWIFT_OPTIMIZATION_LEVEL = "-Onone";
			};
			name = Debug;
		};
		84B6136A2779C285005CFB4C /* Release */ = {
			isa = XCBuildConfiguration;
			buildSettings = {
				ALWAYS_SEARCH_USER_PATHS = NO;
				CLANG_ANALYZER_NONNULL = YES;
				CLANG_ANALYZER_NUMBER_OBJECT_CONVERSION = YES_AGGRESSIVE;
				CLANG_CXX_LANGUAGE_STANDARD = "gnu++17";
				CLANG_CXX_LIBRARY = "libc++";
				CLANG_ENABLE_MODULES = YES;
				CLANG_ENABLE_OBJC_ARC = YES;
				CLANG_ENABLE_OBJC_WEAK = YES;
				CLANG_WARN_BLOCK_CAPTURE_AUTORELEASING = YES;
				CLANG_WARN_BOOL_CONVERSION = YES;
				CLANG_WARN_COMMA = YES;
				CLANG_WARN_CONSTANT_CONVERSION = YES;
				CLANG_WARN_DEPRECATED_OBJC_IMPLEMENTATIONS = YES;
				CLANG_WARN_DIRECT_OBJC_ISA_USAGE = YES_ERROR;
				CLANG_WARN_DOCUMENTATION_COMMENTS = YES;
				CLANG_WARN_EMPTY_BODY = YES;
				CLANG_WARN_ENUM_CONVERSION = YES;
				CLANG_WARN_INFINITE_RECURSION = YES;
				CLANG_WARN_INT_CONVERSION = YES;
				CLANG_WARN_NON_LITERAL_NULL_CONVERSION = YES;
				CLANG_WARN_OBJC_IMPLICIT_RETAIN_SELF = YES;
				CLANG_WARN_OBJC_LITERAL_CONVERSION = YES;
				CLANG_WARN_OBJC_ROOT_CLASS = YES_ERROR;
				CLANG_WARN_QUOTED_INCLUDE_IN_FRAMEWORK_HEADER = YES;
				CLANG_WARN_RANGE_LOOP_ANALYSIS = YES;
				CLANG_WARN_STRICT_PROTOTYPES = YES;
				CLANG_WARN_SUSPICIOUS_MOVE = YES;
				CLANG_WARN_UNGUARDED_AVAILABILITY = YES_AGGRESSIVE;
				CLANG_WARN_UNREACHABLE_CODE = YES;
				CLANG_WARN__DUPLICATE_METHOD_MATCH = YES;
				COPY_PHASE_STRIP = NO;
				DEBUG_INFORMATION_FORMAT = "dwarf-with-dsym";
				ENABLE_NS_ASSERTIONS = NO;
				ENABLE_STRICT_OBJC_MSGSEND = YES;
				GCC_C_LANGUAGE_STANDARD = gnu11;
				GCC_NO_COMMON_BLOCKS = YES;
				GCC_WARN_64_TO_32_BIT_CONVERSION = YES;
				GCC_WARN_ABOUT_RETURN_TYPE = YES_ERROR;
				GCC_WARN_UNDECLARED_SELECTOR = YES;
				GCC_WARN_UNINITIALIZED_AUTOS = YES_AGGRESSIVE;
				GCC_WARN_UNUSED_FUNCTION = YES;
				GCC_WARN_UNUSED_VARIABLE = YES;
				IPHONEOS_DEPLOYMENT_TARGET = 15.0;
				MTL_ENABLE_DEBUG_INFO = NO;
				MTL_FAST_MATH = YES;
				SDKROOT = iphoneos;
				SWIFT_COMPILATION_MODE = wholemodule;
				SWIFT_OPTIMIZATION_LEVEL = "-O";
				VALIDATE_PRODUCT = YES;
			};
			name = Release;
		};
		84B6136C2779C285005CFB4C /* Debug */ = {
			isa = XCBuildConfiguration;
			baseConfigurationReference = 4BA873F226A4807FECD7D588 /* Pods-MyWorkBook.debug.xcconfig */;
			buildSettings = {
				ASSETCATALOG_COMPILER_APPICON_NAME = AppIcon;
				ASSETCATALOG_COMPILER_GLOBAL_ACCENT_COLOR_NAME = AccentColor;
				CLANG_ENABLE_MODULES = YES;
				CODE_SIGN_STYLE = Automatic;
				CURRENT_PROJECT_VERSION = 1;
				DEVELOPMENT_TEAM = USBF96D75N;
				GENERATE_INFOPLIST_FILE = YES;
				INFOPLIST_FILE = MyWorkBook/Supporting/Info.plist;
				INFOPLIST_KEY_UIApplicationSupportsIndirectInputEvents = YES;
				INFOPLIST_KEY_UILaunchStoryboardName = LaunchScreen;
				INFOPLIST_KEY_UIMainStoryboardFile = Main;
				INFOPLIST_KEY_UISupportedInterfaceOrientations = UIInterfaceOrientationPortrait;
				INFOPLIST_KEY_UISupportedInterfaceOrientations_iPad = "UIInterfaceOrientationLandscapeLeft UIInterfaceOrientationLandscapeRight UIInterfaceOrientationPortrait UIInterfaceOrientationPortraitUpsideDown";
				IPHONEOS_DEPLOYMENT_TARGET = 11.0;
				LD_RUNPATH_SEARCH_PATHS = (
					"$(inherited)",
					"@executable_path/Frameworks",
				);
				MARKETING_VERSION = 1.0;
				PRODUCT_BUNDLE_IDENTIFIER = com.favorite.MyWorkBook;
				PRODUCT_NAME = "$(TARGET_NAME)";
				SWIFT_EMIT_LOC_STRINGS = YES;
				SWIFT_OBJC_BRIDGING_HEADER = "MyWorkBook/Supporting/MyWorkBook-Bridging-Header.h";
				SWIFT_OPTIMIZATION_LEVEL = "-Onone";
				SWIFT_VERSION = 5.0;
				TARGETED_DEVICE_FAMILY = 1;
			};
			name = Debug;
		};
		84B6136D2779C285005CFB4C /* Release */ = {
			isa = XCBuildConfiguration;
			baseConfigurationReference = C8B2450F434766F8CC85126E /* Pods-MyWorkBook.release.xcconfig */;
			buildSettings = {
				ASSETCATALOG_COMPILER_APPICON_NAME = AppIcon;
				ASSETCATALOG_COMPILER_GLOBAL_ACCENT_COLOR_NAME = AccentColor;
				CLANG_ENABLE_MODULES = YES;
				CODE_SIGN_STYLE = Automatic;
				CURRENT_PROJECT_VERSION = 1;
				DEVELOPMENT_TEAM = USBF96D75N;
				GENERATE_INFOPLIST_FILE = YES;
				INFOPLIST_FILE = MyWorkBook/Supporting/Info.plist;
				INFOPLIST_KEY_UIApplicationSupportsIndirectInputEvents = YES;
				INFOPLIST_KEY_UILaunchStoryboardName = LaunchScreen;
				INFOPLIST_KEY_UIMainStoryboardFile = Main;
				INFOPLIST_KEY_UISupportedInterfaceOrientations = UIInterfaceOrientationPortrait;
				INFOPLIST_KEY_UISupportedInterfaceOrientations_iPad = "UIInterfaceOrientationLandscapeLeft UIInterfaceOrientationLandscapeRight UIInterfaceOrientationPortrait UIInterfaceOrientationPortraitUpsideDown";
				IPHONEOS_DEPLOYMENT_TARGET = 11.0;
				LD_RUNPATH_SEARCH_PATHS = (
					"$(inherited)",
					"@executable_path/Frameworks",
				);
				MARKETING_VERSION = 1.0;
				PRODUCT_BUNDLE_IDENTIFIER = com.favorite.MyWorkBook;
				PRODUCT_NAME = "$(TARGET_NAME)";
				SWIFT_EMIT_LOC_STRINGS = YES;
				SWIFT_OBJC_BRIDGING_HEADER = "MyWorkBook/Supporting/MyWorkBook-Bridging-Header.h";
				SWIFT_VERSION = 5.0;
				TARGETED_DEVICE_FAMILY = 1;
			};
			name = Release;
		};
/* End XCBuildConfiguration section */

/* Begin XCConfigurationList section */
		84B613522779C283005CFB4C /* Build configuration list for PBXProject "MyWorkBook" */ = {
			isa = XCConfigurationList;
			buildConfigurations = (
				84B613692779C285005CFB4C /* Debug */,
				84B6136A2779C285005CFB4C /* Release */,
			);
			defaultConfigurationIsVisible = 0;
			defaultConfigurationName = Release;
		};
		84B6136B2779C285005CFB4C /* Build configuration list for PBXNativeTarget "MyWorkBook" */ = {
			isa = XCConfigurationList;
			buildConfigurations = (
				84B6136C2779C285005CFB4C /* Debug */,
				84B6136D2779C285005CFB4C /* Release */,
			);
			defaultConfigurationIsVisible = 0;
			defaultConfigurationName = Release;
		};
/* End XCConfigurationList section */
	};
	rootObject = 84B6134F2779C283005CFB4C /* Project object */;
}
